
Microsoft Visual Studio Solution File, Format Version 12.00
# Visual Studio Version 17
VisualStudioVersion = 17.6.33815.320
MinimumVisualStudioVersion = 10.0.40219.1
Project("{FAE04EC0-301F-11D3-BF4B-00C04F79EFBC}") = "PvrWebApp", "PvrWebApp\PvrWebApp.csproj", "{F1D703BF-A27F-4015-9803-026969CA2698}"
EndProject
Project("{FAE04EC0-301F-11D3-BF4B-00C04F79EFBC}") = "InoxWebApp", "InoxWebApp\InoxWebApp.csproj", "{DDEE1E8B-8481-4ED2-B626-3ED15A83C712}"
EndProject
Global
	GlobalSection(SolutionConfigurationPlatforms) = preSolution
		Debug|Any CPU = Debug|Any CPU
		Release|Any CPU = Release|Any CPU
	EndGlobalSection
	GlobalSection(ProjectConfigurationPlatforms) = postSolution
		{F1D703BF-A27F-4015-9803-026969CA2698}.Debug|Any CPU.ActiveCfg = Debug|Any CPU
		{F1D703BF-A27F-4015-9803-026969CA2698}.Debug|Any CPU.Build.0 = Debug|Any CPU
		{F1D703BF-A27F-4015-9803-026969CA2698}.Release|Any CPU.ActiveCfg = Release|Any CPU
		{F1D703BF-A27F-4015-9803-026969CA2698}.Release|Any CPU.Build.0 = Release|Any CPU
		{DDEE1E8B-8481-4ED2-B626-3ED15A83C712}.Debug|Any CPU.ActiveCfg = Debug|Any CPU
		{DDEE1E8B-8481-4ED2-B626-3ED15A83C712}.Debug|Any CPU.Build.0 = Debug|Any CPU
		{DDEE1E8B-8481-4ED2-B626-3ED15A83C712}.Release|Any CPU.ActiveCfg = Release|Any CPU
		{DDEE1E8B-8481-4ED2-B626-3ED15A83C712}.Release|Any CPU.Build.0 = Release|Any CPU
	EndGlobalSection
	GlobalSection(SolutionProperties) = preSolution
		HideSolutionNode = FALSE
	EndGlobalSection
	GlobalSection(ExtensibilityGlobals) = postSolution
		SolutionGuid = {5F131C0D-630F-41E1-9F80-3E898DA901CD}
	EndGlobalSection
EndGlobal
